
Microsoft Visual Studio Solution File, Format Version 12.00
# Visual Studio 2015
Project("{FAE04EC0-301F-11D3-BF4B-00C04F79EFBC}") = "MarioKart.CSharp.Plugins", "MarioKart.CSharp.Plugins.csproj", "{5243F04D-EBC1-7AB5-DBD2-7675FE0AD1EC}"
EndProject
Project("{FAE04EC0-301F-11D3-BF4B-00C04F79EFBC}") = "MarioKart.CSharp", "MarioKart.CSharp.csproj", "{A8B95F2B-DFD5-AF62-476B-8681F2CA29CA}"
EndProject
Project("{FAE04EC0-301F-11D3-BF4B-00C04F79EFBC}") = "MarioKart.CSharp.Editor", "MarioKart.CSharp.Editor.csproj", "{7125FA46-47CA-4AAC-F825-A80F5AB88750}"
EndProject
Global
	GlobalSection(SolutionConfigurationPlatforms) = preSolution
		Debug|Any CPU = Debug|Any CPU
		Release|Any CPU = Release|Any CPU
	EndGlobalSection
	GlobalSection(ProjectConfigurationPlatforms) = postSolution
		{5243F04D-EBC1-7AB5-DBD2-7675FE0AD1EC}.Debug|Any CPU.ActiveCfg = Debug|Any CPU
		{5243F04D-EBC1-7AB5-DBD2-7675FE0AD1EC}.Debug|Any CPU.Build.0 = Debug|Any CPU
		{5243F04D-EBC1-7AB5-DBD2-7675FE0AD1EC}.Release|Any CPU.ActiveCfg = Release|Any CPU
		{5243F04D-EBC1-7AB5-DBD2-7675FE0AD1EC}.Release|Any CPU.Build.0 = Release|Any CPU
		{A8B95F2B-DFD5-AF62-476B-8681F2CA29CA}.Debug|Any CPU.ActiveCfg = Debug|Any CPU
		{A8B95F2B-DFD5-AF62-476B-8681F2CA29CA}.Debug|Any CPU.Build.0 = Debug|Any CPU
		{A8B95F2B-DFD5-AF62-476B-8681F2CA29CA}.Release|Any CPU.ActiveCfg = Release|Any CPU
		{A8B95F2B-DFD5-AF62-476B-8681F2CA29CA}.Release|Any CPU.Build.0 = Release|Any CPU
		{7125FA46-47CA-4AAC-F825-A80F5AB88750}.Debug|Any CPU.ActiveCfg = Debug|Any CPU
		{7125FA46-47CA-4AAC-F825-A80F5AB88750}.Debug|Any CPU.Build.0 = Debug|Any CPU
		{7125FA46-47CA-4AAC-F825-A80F5AB88750}.Release|Any CPU.ActiveCfg = Release|Any CPU
		{7125FA46-47CA-4AAC-F825-A80F5AB88750}.Release|Any CPU.Build.0 = Release|Any CPU
	EndGlobalSection
	GlobalSection(SolutionProperties) = preSolution
		HideSolutionNode = FALSE
	EndGlobalSection
EndGlobal
